
Microsoft Visual Studio Solution File, Format Version 12.00
# Visual Studio Version 17
VisualStudioVersion = 17.5.33530.505
MinimumVisualStudioVersion = 10.0.40219.1
Project("{FAE04EC0-301F-11D3-BF4B-00C04F79EFBC}") = "FileHandling", "FileHandling\FileHandling.csproj", "{700792DC-6E95-4BD3-94DD-F69F3E745731}"
EndProject
Global
	GlobalSection(SolutionConfigurationPlatforms) = preSolution
		Debug|Any CPU = Debug|Any CPU
		Release|Any CPU = Release|Any CPU
	EndGlobalSection
	GlobalSection(ProjectConfigurationPlatforms) = postSolution
		{700792DC-6E95-4BD3-94DD-F69F3E745731}.Debug|Any CPU.ActiveCfg = Debug|Any CPU
		{700792DC-6E95-4BD3-94DD-F69F3E745731}.Debug|Any CPU.Build.0 = Debug|Any CPU
		{700792DC-6E95-4BD3-94DD-F69F3E745731}.Release|Any CPU.ActiveCfg = Release|Any CPU
		{700792DC-6E95-4BD3-94DD-F69F3E745731}.Release|Any CPU.Build.0 = Release|Any CPU
	EndGlobalSection
	GlobalSection(SolutionProperties) = preSolution
		HideSolutionNode = FALSE
	EndGlobalSection
	GlobalSection(ExtensibilityGlobals) = postSolution
		SolutionGuid = {5FDB50FA-8512-4B8C-BB30-788ADB6E5F42}
	EndGlobalSection
EndGlobal
